[[package]]
name = "ccm-clang-tools"
version = "0.1.11"
requires_python = ">=3.8"
summary = "UNKNOWN"
dependencies = [
    "docker~=5.0",
    "loguru~=0.5",
]

[[package]]
name = "ccmodel"
version = "0.1.1"
editable = true
path = "/home/gabriel/projects/ccmodel"
summary = "Clang-10 powered C/C++ code modeling"
dependencies = [
    "ccm-clang-tools~=0.1",
    "docker~=5.0",
    "graphlib-backport~=1.0",
    "loguru~=0.5",
    "orjson~=3.6",
    "regex~=2021.10",
]

[[package]]
name = "certifi"
version = "2021.10.8"
summary = "Python package for providing Mozilla's CA Bundle."

[[package]]
name = "charset-normalizer"
version = "2.0.7"
requires_python = ">=3.5.0"
summary = "The Real First Universal Charset Detector. Open, modern and actively maintained alternative to Chardet."

[[package]]
name = "colorama"
version = "0.4.4"
requires_python = ">=2.7, !=3.0.*, !=3.1.*, !=3.2.*, !=3.3.*, !=3.4.*"
summary = "Cross-platform colored terminal text."

[[package]]
name = "docker"
version = "5.0.3"
requires_python = ">=3.6"
summary = "A Python library for the Docker Engine API."
dependencies = [
    "pywin32==227; sys_platform == \"win32\"",
    "requests!=2.18.0,>=2.14.2",
    "websocket-client>=0.32.0",
]

[[package]]
name = "graphlib-backport"
version = "1.0.3"
requires_python = ">=3.6,<4.0"
summary = "Backport of the Python 3.9 graphlib module for Python 3.6+"

[[package]]
name = "idna"
version = "3.3"
requires_python = ">=3.5"
summary = "Internationalized Domain Names in Applications (IDNA)"

[[package]]
name = "loguru"
version = "0.5.3"
requires_python = ">=3.5"
summary = "Python logging made (stupidly) simple"
dependencies = [
    "colorama>=0.3.4; sys_platform == \"win32\"",
    "win32-setctime>=1.0.0; sys_platform == \"win32\"",
]

[[package]]
name = "orjson"
version = "3.6.4"
requires_python = ">=3.7"
summary = "Fast, correct Python JSON library supporting dataclasses, datetimes, and numpy"

[[package]]
name = "pywin32"
version = "227"
summary = "Python for Window Extensions"

[[package]]
name = "regex"
version = "2021.10.23"
summary = "Alternative regular expression module, to replace re."

[[package]]
name = "requests"
version = "2.26.0"
requires_python = ">=2.7, !=3.0.*, !=3.1.*, !=3.2.*, !=3.3.*, !=3.4.*, !=3.5.*"
summary = "Python HTTP for Humans."
dependencies = [
    "certifi>=2017.4.17",
    "charset-normalizer~=2.0.0; python_version >= \"3\"",
    "idna<4,>=2.5; python_version >= \"3\"",
    "urllib3<1.27,>=1.21.1",
]

[[package]]
name = "urllib3"
version = "1.26.7"
requires_python = ">=2.7, !=3.0.*, !=3.1.*, !=3.2.*, !=3.3.*, !=3.4.*, <4"
summary = "HTTP library with thread-safe connection pooling, file post, and more."

[[package]]
name = "websocket-client"
version = "1.2.1"
requires_python = ">=3.6"
summary = "WebSocket client for Python with low level API options"

[[package]]
name = "wheezy-template"
version = "3.1.0"
requires_python = ">=3.6"
summary = "A lightweight template library"

[[package]]
name = "win32-setctime"
version = "1.0.3"
requires_python = ">=3.5"
summary = "A small Python utility to set file creation time on Windows"

[metadata]
lock_version = "3.1"
content_hash = "sha256:f2a6baf8cd987bbdac63ec4586f93af011d613944b9a659dc063c3806e615a1a"

[metadata.files]
"ccm-clang-tools 0.1.11" = [
    {file = "ccm-clang-tools-0.1.11.tar.gz", hash = "sha256:3423f9fa04863183bc53c6122fefa8638786e404833bd8b333906cbae659773e"},
]
"certifi 2021.10.8" = [
    {file = "certifi-2021.10.8-py2.py3-none-any.whl", hash = "sha256:d62a0163eb4c2344ac042ab2bdf75399a71a2d8c7d47eac2e2ee91b9d6339569"},
    {file = "certifi-2021.10.8.tar.gz", hash = "sha256:78884e7c1d4b00ce3cea67b44566851c4343c120abd683433ce934a68ea58872"},
]
"charset-normalizer 2.0.7" = [
    {file = "charset_normalizer-2.0.7-py3-none-any.whl", hash = "sha256:f7af805c321bfa1ce6714c51f254e0d5bb5e5834039bc17db7ebe3a4cec9492b"},
    {file = "charset-normalizer-2.0.7.tar.gz", hash = "sha256:e019de665e2bcf9c2b64e2e5aa025fa991da8720daa3c1138cadd2fd1856aed0"},
]
"colorama 0.4.4" = [
    {file = "colorama-0.4.4-py2.py3-none-any.whl", hash = "sha256:9f47eda37229f68eee03b24b9748937c7dc3868f906e8ba69fbcbdd3bc5dc3e2"},
    {file = "colorama-0.4.4.tar.gz", hash = "sha256:5941b2b48a20143d2267e95b1c2a7603ce057ee39fd88e7329b0c292aa16869b"},
]
"docker 5.0.3" = [
    {file = "docker-5.0.3-py2.py3-none-any.whl", hash = "sha256:7a79bb439e3df59d0a72621775d600bc8bc8b422d285824cb37103eab91d1ce0"},
    {file = "docker-5.0.3.tar.gz", hash = "sha256:d916a26b62970e7c2f554110ed6af04c7ccff8e9f81ad17d0d40c75637e227fb"},
]
"graphlib-backport 1.0.3" = [
    {file = "graphlib_backport-1.0.3-py3-none-any.whl", hash = "sha256:24246967b9e7e6a91550bc770e6169585d35aa32790258579a8a3899a8c18fde"},
    {file = "graphlib_backport-1.0.3.tar.gz", hash = "sha256:7bb8fc7757b8ae4e6d8000a26cd49e9232aaa9a3aa57edb478474b8424bfaae2"},
]
"idna 3.3" = [
    {file = "idna-3.3-py3-none-any.whl", hash = "sha256:84d9dd047ffa80596e0f246e2eab0b391788b0503584e8945f2368256d2735ff"},
    {file = "idna-3.3.tar.gz", hash = "sha256:9d643ff0a55b762d5cdb124b8eaa99c66322e2157b69160bc32796e824360e6d"},
]
"loguru 0.5.3" = [
    {file = "loguru-0.5.3-py3-none-any.whl", hash = "sha256:f8087ac396b5ee5f67c963b495d615ebbceac2796379599820e324419d53667c"},
    {file = "loguru-0.5.3.tar.gz", hash = "sha256:b28e72ac7a98be3d28ad28570299a393dfcd32e5e3f6a353dec94675767b6319"},
]
"orjson 3.6.4" = [
    {file = "orjson-3.6.4-cp310-cp310-macosx_10_7_x86_64.whl", hash = "sha256:fc01a15f3101628fd619158daec79b30d7461149735e73542ca8c13be6b835be"},
    {file = "orjson-3.6.4-cp310-cp310-manylinux_2_24_aarch64.whl", hash = "sha256:48a69fed90f551bf9e9bb7a63e363fed4f67fc7c6e6bfb057054dc78f6721e9e"},
    {file = "orjson-3.6.4-cp310-cp310-manylinux_2_24_x86_64.whl", hash = "sha256:3722f02f50861d5e2a6be9d50bfe8da27a5155bb60043118a4e1ceb8c7040cf7"},
    {file = "orjson-3.6.4-cp310-none-win_amd64.whl", hash = "sha256:231a99a728322d0271e970b149c57deb67315e6837e6cd4166cf51d30161700c"},
    {file = "orjson-3.6.4-cp37-cp37m-macosx_10_7_x86_64.whl", hash = "sha256:6cd300421b41f7e84e388b1792a18c3fc4c440ae3039434b9320956be05f0102"},
    {file = "orjson-3.6.4-cp37-cp37m-macosx_10_9_x86_64.macosx_11_0_arm64.macosx_10_9_universal2.whl", hash = "sha256:e55ef66ee1d35b1c43db275aff3a1ba7e0408b31e624912a612bd799df14e73e"},
    {file = "orjson-3.6.4-cp37-cp37m-manylinux_2_17_x86_64.manylinux2014_x86_64.whl", hash = "sha256:eef8d332af8e6f7d6d2c1f3b5384c8d239800c1405b136da5f1710e802918d57"},
    {file = "orjson-3.6.4-cp37-cp37m-manylinux_2_24_aarch64.whl", hash = "sha256:8896e242a92733e454378e22711bd43a55fda4e80604fcefcc064ca977623673"},
    {file = "orjson-3.6.4-cp37-cp37m-manylinux_2_24_x86_64.whl", hash = "sha256:bdfa6f29f7b6aad70ce14591b99fba651008afa6bc3759f158887bcdc568b452"},
    {file = "orjson-3.6.4-cp37-none-win_amd64.whl", hash = "sha256:7c16c44872d33da0b97050a9ea8f7bc04e930c56e8185657bc200e1875a671da"},
    {file = "orjson-3.6.4-cp38-cp38-macosx_10_7_x86_64.whl", hash = "sha256:b467551f3be1dd08aff70c261cc883b63483eb0e31861ffe2cd8dac4fec7cfa9"},
    {file = "orjson-3.6.4-cp38-cp38-macosx_10_9_x86_64.macosx_11_0_arm64.macosx_10_9_universal2.whl", hash = "sha256:7bf61afef12f6416db3ea377f3491ca8ac677d3cac6db1ebffb7a5fe92cce3ca"},
    {file = "orjson-3.6.4-cp38-cp38-manylinux_2_17_x86_64.manylinux2014_x86_64.whl", hash = "sha256:014ea74d4a5dd6a7e98540768072d5bd8c2fedbcbbedcbbaecbb614e66080e81"},
    {file = "orjson-3.6.4-cp38-cp38-manylinux_2_24_aarch64.whl", hash = "sha256:705cb90c536b4b9336c06b4a62c3c62e50354ddf20a2e48eb62bf34fb93d5b1f"},
    {file = "orjson-3.6.4-cp38-cp38-manylinux_2_24_x86_64.whl", hash = "sha256:159e2240fc36720a5cb51a1cbc9905dcb8758aad50b3e7f14f6178ce2e842004"},
    {file = "orjson-3.6.4-cp38-none-win_amd64.whl", hash = "sha256:d2ae087866a1050de83c2a28490850badb41aeeb8a4605c84dd6004d4e58b5a4"},
    {file = "orjson-3.6.4-cp39-cp39-macosx_10_7_x86_64.whl", hash = "sha256:b4a7efe039b1154b23e5df8787ac01e4621213aed303b6304a5f8ad89c01455d"},
    {file = "orjson-3.6.4-cp39-cp39-macosx_10_9_x86_64.macosx_11_0_arm64.macosx_10_9_universal2.whl", hash = "sha256:7b24f97ed76005f447e152b0e493abce8c60f010131998295175446312a71caf"},
    {file = "orjson-3.6.4-cp39-cp39-manylinux_2_17_x86_64.manylinux2014_x86_64.whl", hash = "sha256:1121187e2a721864b52e5dbb3cf8dd4a4546519a5fef1e13fa777347fb8884a2"},
    {file = "orjson-3.6.4-cp39-cp39-manylinux_2_24_aarch64.whl", hash = "sha256:4edffd9e2298ff4f4f939aa67248eba043dc65c9e7d940c28a62c5502c6f2aa8"},
    {file = "orjson-3.6.4-cp39-cp39-manylinux_2_24_x86_64.whl", hash = "sha256:e236fe94d8a77532f0065870fe265bd53e229012f39af99f79f5f1d4a8b0067c"},
    {file = "orjson-3.6.4-cp39-none-win_amd64.whl", hash = "sha256:5448cc1edd4c4bafc968404f92f0e9a582b4326ca442346bd1d1179a6faf52d9"},
    {file = "orjson-3.6.4.tar.gz", hash = "sha256:f8dbc428fc6d7420f231a7133d8dff4c882e64acb585dcf2fda74bdcfe1a6d9d"},
]
"pywin32 227" = [
    {file = "pywin32-227-cp27-cp27m-win32.whl", hash = "sha256:371fcc39416d736401f0274dd64c2302728c9e034808e37381b5e1b22be4a6b0"},
    {file = "pywin32-227-cp27-cp27m-win_amd64.whl", hash = "sha256:4cdad3e84191194ea6d0dd1b1b9bdda574ff563177d2adf2b4efec2a244fa116"},
    {file = "pywin32-227-cp35-cp35m-win32.whl", hash = "sha256:f4c5be1a293bae0076d93c88f37ee8da68136744588bc5e2be2f299a34ceb7aa"},
    {file = "pywin32-227-cp35-cp35m-win_amd64.whl", hash = "sha256:a929a4af626e530383a579431b70e512e736e9588106715215bf685a3ea508d4"},
    {file = "pywin32-227-cp36-cp36m-win32.whl", hash = "sha256:300a2db938e98c3e7e2093e4491439e62287d0d493fe07cce110db070b54c0be"},
    {file = "pywin32-227-cp36-cp36m-win_amd64.whl", hash = "sha256:9b31e009564fb95db160f154e2aa195ed66bcc4c058ed72850d047141b36f3a2"},
    {file = "pywin32-227-cp37-cp37m-win32.whl", hash = "sha256:47a3c7551376a865dd8d095a98deba954a98f326c6fe3c72d8726ca6e6b15507"},
    {file = "pywin32-227-cp37-cp37m-win_amd64.whl", hash = "sha256:31f88a89139cb2adc40f8f0e65ee56a8c585f629974f9e07622ba80199057511"},
    {file = "pywin32-227-cp38-cp38-win32.whl", hash = "sha256:7f18199fbf29ca99dff10e1f09451582ae9e372a892ff03a28528a24d55875bc"},
    {file = "pywin32-227-cp38-cp38-win_amd64.whl", hash = "sha256:7c1ae32c489dc012930787f06244426f8356e129184a02c25aef163917ce158e"},
    {file = "pywin32-227-cp39-cp39-win32.whl", hash = "sha256:c054c52ba46e7eb6b7d7dfae4dbd987a1bb48ee86debe3f245a2884ece46e295"},
    {file = "pywin32-227-cp39-cp39-win_amd64.whl", hash = "sha256:f27cec5e7f588c3d1051651830ecc00294f90728d19c3bf6916e6dba93ea357c"},
]
"regex 2021.10.23" = [
    {file = "regex-2021.10.23-cp310-cp310-macosx_10_9_x86_64.whl", hash = "sha256:45b65d6a275a478ac2cbd7fdbf7cc93c1982d613de4574b56fd6972ceadb8395"},
    {file = "regex-2021.10.23-cp310-cp310-manylinux_2_17_x86_64.manylinux2014_x86_64.whl", hash = "sha256:74d071dbe4b53c602edd87a7476ab23015a991374ddb228d941929ad7c8c922e"},
    {file = "regex-2021.10.23-cp310-cp310-manylinux_2_5_i686.manylinux1_i686.manylinux_2_12_i686.manylinux2010_i686.whl", hash = "sha256:34d870f9f27f2161709054d73646fc9aca49480617a65533fc2b4611c518e455"},
    {file = "regex-2021.10.23-cp310-cp310-manylinux_2_5_i686.manylinux1_i686.manylinux_2_17_i686.manylinux2014_i686.whl", hash = "sha256:2fb698037c35109d3c2e30f2beb499e5ebae6e4bb8ff2e60c50b9a805a716f79"},
    {file = "regex-2021.10.23-cp310-cp310-manylinux_2_5_x86_64.manylinux1_x86_64.manylinux_2_12_x86_64.manylinux2010_x86_64.whl", hash = "sha256:cb46b542133999580ffb691baf67410306833ee1e4f58ed06b6a7aaf4e046952"},
    {file = "regex-2021.10.23-cp310-cp310-win32.whl", hash = "sha256:5e9c9e0ce92f27cef79e28e877c6b6988c48b16942258f3bc55d39b5f911df4f"},
    {file = "regex-2021.10.23-cp310-cp310-win_amd64.whl", hash = "sha256:ab7c5684ff3538b67df3f93d66bd3369b749087871ae3786e70ef39e601345b0"},
    {file = "regex-2021.10.23-cp36-cp36m-macosx_10_9_x86_64.whl", hash = "sha256:de557502c3bec8e634246588a94e82f1ee1b9dfcfdc453267c4fb652ff531570"},
    {file = "regex-2021.10.23-cp36-cp36m-manylinux_2_17_x86_64.manylinux2014_x86_64.whl", hash = "sha256:ee684f139c91e69fe09b8e83d18b4d63bf87d9440c1eb2eeb52ee851883b1b29"},
    {file = "regex-2021.10.23-cp36-cp36m-manylinux_2_5_i686.manylinux1_i686.manylinux_2_12_i686.manylinux2010_i686.whl", hash = "sha256:5095a411c8479e715784a0c9236568ae72509450ee2226b649083730f3fadfc6"},
    {file = "regex-2021.10.23-cp36-cp36m-manylinux_2_5_i686.manylinux1_i686.manylinux_2_17_i686.manylinux2014_i686.whl", hash = "sha256:7b568809dca44cb75c8ebb260844ea98252c8c88396f9d203f5094e50a70355f"},
    {file = "regex-2021.10.23-cp36-cp36m-manylinux_2_5_x86_64.manylinux1_x86_64.manylinux_2_12_x86_64.manylinux2010_x86_64.whl", hash = "sha256:eb672217f7bd640411cfc69756ce721d00ae600814708d35c930930f18e8029f"},
    {file = "regex-2021.10.23-cp36-cp36m-win32.whl", hash = "sha256:a7a986c45d1099a5de766a15de7bee3840b1e0e1a344430926af08e5297cf666"},
    {file = "regex-2021.10.23-cp36-cp36m-win_amd64.whl", hash = "sha256:6d7722136c6ed75caf84e1788df36397efdc5dbadab95e59c2bba82d4d808a4c"},
    {file = "regex-2021.10.23-cp37-cp37m-macosx_10_9_x86_64.whl", hash = "sha256:9f665677e46c5a4d288ece12fdedf4f4204a422bb28ff05f0e6b08b7447796d1"},
    {file = "regex-2021.10.23-cp37-cp37m-manylinux_2_17_x86_64.manylinux2014_x86_64.whl", hash = "sha256:450dc27483548214314640c89a0f275dbc557968ed088da40bde7ef8fb52829e"},
    {file = "regex-2021.10.23-cp37-cp37m-manylinux_2_5_i686.manylinux1_i686.manylinux_2_12_i686.manylinux2010_i686.whl", hash = "sha256:129472cd06062fb13e7b4670a102951a3e655e9b91634432cfbdb7810af9d710"},
    {file = "regex-2021.10.23-cp37-cp37m-manylinux_2_5_i686.manylinux1_i686.manylinux_2_17_i686.manylinux2014_i686.whl", hash = "sha256:a940ca7e7189d23da2bfbb38973832813eab6bd83f3bf89a977668c2f813deae"},
    {file = "regex-2021.10.23-cp37-cp37m-manylinux_2_5_x86_64.manylinux1_x86_64.manylinux_2_12_x86_64.manylinux2010_x86_64.whl", hash = "sha256:530fc2bbb3dc1ebb17f70f7b234f90a1dd43b1b489ea38cea7be95fb21cdb5c7"},
    {file = "regex-2021.10.23-cp37-cp37m-win32.whl", hash = "sha256:ded0c4a3eee56b57fcb2315e40812b173cafe79d2f992d50015f4387445737fa"},
    {file = "regex-2021.10.23-cp37-cp37m-win_amd64.whl", hash = "sha256:391703a2abf8013d95bae39145d26b4e21531ab82e22f26cd3a181ee2644c234"},
    {file = "regex-2021.10.23-cp38-cp38-macosx_10_9_x86_64.whl", hash = "sha256:be04739a27be55631069b348dda0c81d8ea9822b5da10b8019b789e42d1fe452"},
    {file = "regex-2021.10.23-cp38-cp38-manylinux_2_17_x86_64.manylinux2014_x86_64.whl", hash = "sha256:13ec99df95003f56edcd307db44f06fbeb708c4ccdcf940478067dd62353181e"},
    {file = "regex-2021.10.23-cp38-cp38-manylinux_2_5_i686.manylinux1_i686.manylinux_2_12_i686.manylinux2010_i686.whl", hash = "sha256:8d1cdcda6bd16268316d5db1038965acf948f2a6f43acc2e0b1641ceab443623"},
    {file = "regex-2021.10.23-cp38-cp38-manylinux_2_5_i686.manylinux1_i686.manylinux_2_17_i686.manylinux2014_i686.whl", hash = "sha256:0c186691a7995ef1db61205e00545bf161fb7b59cdb8c1201c89b333141c438a"},
    {file = "regex-2021.10.23-cp38-cp38-manylinux_2_5_x86_64.manylinux1_x86_64.manylinux_2_12_x86_64.manylinux2010_x86_64.whl", hash = "sha256:2b20f544cbbeffe171911f6ce90388ad36fe3fad26b7c7a35d4762817e9ea69c"},
    {file = "regex-2021.10.23-cp38-cp38-win32.whl", hash = "sha256:c0938ddd60cc04e8f1faf7a14a166ac939aac703745bfcd8e8f20322a7373019"},
    {file = "regex-2021.10.23-cp38-cp38-win_amd64.whl", hash = "sha256:56f0c81c44638dfd0e2367df1a331b4ddf2e771366c4b9c5d9a473de75e3e1c7"},
    {file = "regex-2021.10.23-cp39-cp39-macosx_10_9_x86_64.whl", hash = "sha256:80bb5d2e92b2258188e7dcae5b188c7bf868eafdf800ea6edd0fbfc029984a88"},
    {file = "regex-2021.10.23-cp39-cp39-manylinux_2_17_x86_64.manylinux2014_x86_64.whl", hash = "sha256:e1dae12321b31059a1a72aaa0e6ba30156fe7e633355e445451e4021b8e122b6"},
    {file = "regex-2021.10.23-cp39-cp39-manylinux_2_5_i686.manylinux1_i686.manylinux_2_12_i686.manylinux2010_i686.whl", hash = "sha256:1f2b59c28afc53973d22e7bc18428721ee8ca6079becf1b36571c42627321c65"},
    {file = "regex-2021.10.23-cp39-cp39-manylinux_2_5_i686.manylinux1_i686.manylinux_2_17_i686.manylinux2014_i686.whl", hash = "sha256:d134757a37d8640f3c0abb41f5e68b7cf66c644f54ef1cb0573b7ea1c63e1509"},
    {file = "regex-2021.10.23-cp39-cp39-manylinux_2_5_x86_64.manylinux1_x86_64.manylinux_2_12_x86_64.manylinux2010_x86_64.whl", hash = "sha256:0dcc0e71118be8c69252c207630faf13ca5e1b8583d57012aae191e7d6d28b84"},
    {file = "regex-2021.10.23-cp39-cp39-win32.whl", hash = "sha256:a30513828180264294953cecd942202dfda64e85195ae36c265daf4052af0464"},
    {file = "regex-2021.10.23-cp39-cp39-win_amd64.whl", hash = "sha256:0f7552429dd39f70057ac5d0e897e5bfe211629652399a21671e53f2a9693a4e"},
    {file = "regex-2021.10.23.tar.gz", hash = "sha256:f3f9a91d3cc5e5b0ddf1043c0ae5fa4852f18a1c0050318baf5fc7930ecc1f9c"},
]
"requests 2.26.0" = [
    {file = "requests-2.26.0-py2.py3-none-any.whl", hash = "sha256:6c1246513ecd5ecd4528a0906f910e8f0f9c6b8ec72030dc9fd154dc1a6efd24"},
    {file = "requests-2.26.0.tar.gz", hash = "sha256:b8aa58f8cf793ffd8782d3d8cb19e66ef36f7aba4353eec859e74678b01b07a7"},
]
"urllib3 1.26.7" = [
    {file = "urllib3-1.26.7-py2.py3-none-any.whl", hash = "sha256:c4fdf4019605b6e5423637e01bc9fe4daef873709a7973e195ceba0a62bbc844"},
    {file = "urllib3-1.26.7.tar.gz", hash = "sha256:4987c65554f7a2dbf30c18fd48778ef124af6fab771a377103da0585e2336ece"},
]
"websocket-client 1.2.1" = [
    {file = "websocket_client-1.2.1-py2.py3-none-any.whl", hash = "sha256:0133d2f784858e59959ce82ddac316634229da55b498aac311f1620567a710ec"},
    {file = "websocket-client-1.2.1.tar.gz", hash = "sha256:8dfb715d8a992f5712fff8c843adae94e22b22a99b2c5e6b0ec4a1a981cc4e0d"},
]
"wheezy-template 3.1.0" = [
    {file = "wheezy.template-3.1.0.tar.gz", hash = "sha256:e11007cac73368dce12998e34b66c476016bb461471ffc1e4d56e84002ec960f"},
]
"win32-setctime 1.0.3" = [
    {file = "win32_setctime-1.0.3-py3-none-any.whl", hash = "sha256:dc925662de0a6eb987f0b01f599c01a8236cb8c62831c22d9cada09ad958243e"},
    {file = "win32_setctime-1.0.3.tar.gz", hash = "sha256:4e88556c32fdf47f64165a2180ba4552f8bb32c1103a2fafd05723a0bd42bd4b"},
]
